
Microsoft Visual Studio Solution File, Format Version 12.00
# Visual Studio Version 16
VisualStudioVersion = 16.0.32228.343
MinimumVisualStudioVersion = 10.0.40219.1
Project("{FAE04EC0-301F-11D3-BF4B-00C04F79EFBC}") = "HomeworkTask1", "HomeworkTask1\HomeworkTask1.csproj", "{9374F8A2-5FEC-48E2-A712-0B37C06A9AFE}"
EndProject
Global
	GlobalSection(SolutionConfigurationPlatforms) = preSolution
		Debug|Any CPU = Debug|Any CPU
		Release|Any CPU = Release|Any CPU
	EndGlobalSection
	GlobalSection(ProjectConfigurationPlatforms) = postSolution
		{9374F8A2-5FEC-48E2-A712-0B37C06A9AFE}.Debug|Any CPU.ActiveCfg = Debug|Any CPU
		{9374F8A2-5FEC-48E2-A712-0B37C06A9AFE}.Debug|Any CPU.Build.0 = Debug|Any CPU
		{9374F8A2-5FEC-48E2-A712-0B37C06A9AFE}.Release|Any CPU.ActiveCfg = Release|Any CPU
		{9374F8A2-5FEC-48E2-A712-0B37C06A9AFE}.Release|Any CPU.Build.0 = Release|Any CPU
	EndGlobalSection
	GlobalSection(SolutionProperties) = preSolution
		HideSolutionNode = FALSE
	EndGlobalSection
	GlobalSection(ExtensibilityGlobals) = postSolution
		SolutionGuid = {8092AD13-1680-43A4-8258-7363F3CE98CC}
	EndGlobalSection
EndGlobal
